
Microsoft Visual Studio Solution File, Format Version 12.00
# Visual Studio Version 17
VisualStudioVersion = 17.4.33122.133
MinimumVisualStudioVersion = 10.0.40219.1
Project("{FAE04EC0-301F-11D3-BF4B-00C04F79EFBC}") = "LinqPractice", "LinqPractice\LinqPractice.csproj", "{7D654313-DB74-4783-AFC2-165C11CC2FA2}"
EndProject
Global
	GlobalSection(SolutionConfigurationPlatforms) = preSolution
		Debug|Any CPU = Debug|Any CPU
		Release|Any CPU = Release|Any CPU
	EndGlobalSection
	GlobalSection(ProjectConfigurationPlatforms) = postSolution
		{7D654313-DB74-4783-AFC2-165C11CC2FA2}.Debug|Any CPU.ActiveCfg = Debug|Any CPU
		{7D654313-DB74-4783-AFC2-165C11CC2FA2}.Debug|Any CPU.Build.0 = Debug|Any CPU
		{7D654313-DB74-4783-AFC2-165C11CC2FA2}.Release|Any CPU.ActiveCfg = Release|Any CPU
		{7D654313-DB74-4783-AFC2-165C11CC2FA2}.Release|Any CPU.Build.0 = Release|Any CPU
	EndGlobalSection
	GlobalSection(SolutionProperties) = preSolution
		HideSolutionNode = FALSE
	EndGlobalSection
	GlobalSection(ExtensibilityGlobals) = postSolution
		SolutionGuid = {DFEAD4E9-B637-43E6-8774-2EFE8A290B4B}
	EndGlobalSection
EndGlobal
